
Microsoft Visual Studio Solution File, Format Version 12.00
# Visual Studio Version 17
VisualStudioVersion = 17.0.32112.339
MinimumVisualStudioVersion = 10.0.40219.1
Project("{8BC9CEB8-8B4A-11D0-8D11-00A0C91BC942}") = "RSDKv5-dx9", "RSDKv5\RSDKv5_dx9.vcxproj", "{A082FD51-53AF-4EF7-B03E-BCE50E144BD4}"
	ProjectSection(ProjectDependencies) = postProject
		{653F3841-3F26-49B9-AFCF-091DB4B67031} = {653F3841-3F26-49B9-AFCF-091DB4B67031}
		{AFF27A26-C088-444B-BC2A-0BA94A02AFA7} = {AFF27A26-C088-444B-BC2A-0BA94A02AFA7}
	EndProjectSection
EndProject
Project("{8BC9CEB8-8B4A-11D0-8D11-00A0C91BC942}") = "RSDKv5-dx11", "RSDKv5\RSDKv5_dx11.vcxproj", "{D7519639-FF5E-4DF7-ADC7-2EAA7C22096E}"
	ProjectSection(ProjectDependencies) = postProject
		{653F3841-3F26-49B9-AFCF-091DB4B67031} = {653F3841-3F26-49B9-AFCF-091DB4B67031}
		{AFF27A26-C088-444B-BC2A-0BA94A02AFA7} = {AFF27A26-C088-444B-BC2A-0BA94A02AFA7}
	EndProjectSection
EndProject
Project("{8BC9CEB8-8B4A-11D0-8D11-00A0C91BC942}") = "RSDKv5-sdl2", "RSDKv5\RSDKv5_sdl2.vcxproj", "{EC733EB3-8EC1-48B4-A00F-8BF36F61C117}"
	ProjectSection(ProjectDependencies) = postProject
		{653F3841-3F26-49B9-AFCF-091DB4B67031} = {653F3841-3F26-49B9-AFCF-091DB4B67031}
		{81CE8DAF-EBB2-4761-8E45-B71ABCCA8C68} = {81CE8DAF-EBB2-4761-8E45-B71ABCCA8C68}
		{AFF27A26-C088-444B-BC2A-0BA94A02AFA7} = {AFF27A26-C088-444B-BC2A-0BA94A02AFA7}
		{DA956FD3-E142-46F2-9DD5-C78BEBB56B7A} = {DA956FD3-E142-46F2-9DD5-C78BEBB56B7A}
	EndProjectSection
EndProject
Project("{8BC9CEB8-8B4A-11D0-8D11-00A0C91BC942}") = "RSDKv5-gl3", "RSDKv5\RSDKv5_gl3.vcxproj", "{A842E0D8-1D55-4B5D-92B2-5B6770021626}"
EndProject
Project("{8BC9CEB8-8B4A-11D0-8D11-00A0C91BC942}") = "SDL2", "dependencies\windows\SDL2\VisualC\SDL\SDL.vcxproj", "{81CE8DAF-EBB2-4761-8E45-B71ABCCA8C68}"
EndProject
Project("{8BC9CEB8-8B4A-11D0-8D11-00A0C91BC942}") = "SDL2main", "dependencies\windows\SDL2\VisualC\SDLmain\SDLmain.vcxproj", "{DA956FD3-E142-46F2-9DD5-C78BEBB56B7A}"
EndProject
Project("{8BC9CEB8-8B4A-11D0-8D11-00A0C91BC942}") = "libogg", "dependencies\windows\libogg\win32\VS2015\libogg.vcxproj", "{AFF27A26-C088-444B-BC2A-0BA94A02AFA7}"
EndProject
Project("{8BC9CEB8-8B4A-11D0-8D11-00A0C91BC942}") = "libtheora_static", "dependencies\windows\libtheora\win32\VS2010\libtheora\libtheora_static.vcxproj", "{653F3841-3F26-49B9-AFCF-091DB4B67031}"
	ProjectSection(ProjectDependencies) = postProject
		{AFF27A26-C088-444B-BC2A-0BA94A02AFA7} = {AFF27A26-C088-444B-BC2A-0BA94A02AFA7}
	EndProjectSection
EndProject
Global
	GlobalSection(SolutionConfigurationPlatforms) = preSolution
		Release|x64 = Release|x64
		Release|x86 = Release|x86
		Debug|x64 = Debug|x64
		Debug|x86 = Debug|x86
		DebugDLL|x64 = DebugDLL|x64
		DebugDLL|x86 = DebugDLL|x86
		ReleaseDLL|x64 = ReleaseDLL|x64
		ReleaseDLL|x86 = ReleaseDLL|x86
	EndGlobalSection
	GlobalSection(ProjectConfigurationPlatforms) = postSolution
		{A082FD51-53AF-4EF7-B03E-BCE50E144BD4}.Release|x64.ActiveCfg = Release|x64
		{A082FD51-53AF-4EF7-B03E-BCE50E144BD4}.Release|x64.Build.0 = Release|x64
		{A082FD51-53AF-4EF7-B03E-BCE50E144BD4}.Release|x86.ActiveCfg = Release|Win32
		{A082FD51-53AF-4EF7-B03E-BCE50E144BD4}.Release|x86.Build.0 = Release|Win32
		{A082FD51-53AF-4EF7-B03E-BCE50E144BD4}.Debug|x64.ActiveCfg = Debug|x64
		{A082FD51-53AF-4EF7-B03E-BCE50E144BD4}.Debug|x64.Build.0 = Debug|x64
		{A082FD51-53AF-4EF7-B03E-BCE50E144BD4}.Debug|x86.ActiveCfg = Debug|Win32
		{A082FD51-53AF-4EF7-B03E-BCE50E144BD4}.Debug|x86.Build.0 = Debug|Win32
		{A082FD51-53AF-4EF7-B03E-BCE50E144BD4}.DebugDLL|x64.ActiveCfg = Debug|x64
		{A082FD51-53AF-4EF7-B03E-BCE50E144BD4}.DebugDLL|x64.Build.0 = Debug|x64
		{A082FD51-53AF-4EF7-B03E-BCE50E144BD4}.DebugDLL|x86.ActiveCfg = Debug|Win32
		{A082FD51-53AF-4EF7-B03E-BCE50E144BD4}.DebugDLL|x86.Build.0 = Debug|Win32
		{A082FD51-53AF-4EF7-B03E-BCE50E144BD4}.ReleaseDLL|x64.ActiveCfg = Release|x64
		{A082FD51-53AF-4EF7-B03E-BCE50E144BD4}.ReleaseDLL|x64.Build.0 = Release|x64
		{A082FD51-53AF-4EF7-B03E-BCE50E144BD4}.ReleaseDLL|x86.ActiveCfg = Release|Win32
		{A082FD51-53AF-4EF7-B03E-BCE50E144BD4}.ReleaseDLL|x86.Build.0 = Release|Win32
		{D7519639-FF5E-4DF7-ADC7-2EAA7C22096E}.Release|x64.ActiveCfg = Release|x64
		{D7519639-FF5E-4DF7-ADC7-2EAA7C22096E}.Release|x64.Build.0 = Release|x64
		{D7519639-FF5E-4DF7-ADC7-2EAA7C22096E}.Release|x86.ActiveCfg = Release|Win32
		{D7519639-FF5E-4DF7-ADC7-2EAA7C22096E}.Release|x86.Build.0 = Release|Win32
		{D7519639-FF5E-4DF7-ADC7-2EAA7C22096E}.Debug|x64.ActiveCfg = Debug|x64
		{D7519639-FF5E-4DF7-ADC7-2EAA7C22096E}.Debug|x64.Build.0 = Debug|x64
		{D7519639-FF5E-4DF7-ADC7-2EAA7C22096E}.Debug|x86.ActiveCfg = Debug|Win32
		{D7519639-FF5E-4DF7-ADC7-2EAA7C22096E}.Debug|x86.Build.0 = Debug|Win32
		{D7519639-FF5E-4DF7-ADC7-2EAA7C22096E}.DebugDLL|x64.ActiveCfg = Debug|x64
		{D7519639-FF5E-4DF7-ADC7-2EAA7C22096E}.DebugDLL|x64.Build.0 = Debug|x64
		{D7519639-FF5E-4DF7-ADC7-2EAA7C22096E}.DebugDLL|x86.ActiveCfg = Debug|Win32
		{D7519639-FF5E-4DF7-ADC7-2EAA7C22096E}.DebugDLL|x86.Build.0 = Debug|Win32
		{D7519639-FF5E-4DF7-ADC7-2EAA7C22096E}.ReleaseDLL|x64.ActiveCfg = Release|x64
		{D7519639-FF5E-4DF7-ADC7-2EAA7C22096E}.ReleaseDLL|x64.Build.0 = Release|x64
		{D7519639-FF5E-4DF7-ADC7-2EAA7C22096E}.ReleaseDLL|x86.ActiveCfg = Release|Win32
		{D7519639-FF5E-4DF7-ADC7-2EAA7C22096E}.ReleaseDLL|x86.Build.0 = Release|Win32
		{EC733EB3-8EC1-48B4-A00F-8BF36F61C117}.Release|x64.ActiveCfg = Release|x64
		{EC733EB3-8EC1-48B4-A00F-8BF36F61C117}.Release|x64.Build.0 = Release|x64
		{EC733EB3-8EC1-48B4-A00F-8BF36F61C117}.Release|x86.ActiveCfg = Release|Win32
		{EC733EB3-8EC1-48B4-A00F-8BF36F61C117}.Release|x86.Build.0 = Release|Win32
		{EC733EB3-8EC1-48B4-A00F-8BF36F61C117}.Debug|x64.ActiveCfg = Debug|x64
		{EC733EB3-8EC1-48B4-A00F-8BF36F61C117}.Debug|x64.Build.0 = Debug|x64
		{EC733EB3-8EC1-48B4-A00F-8BF36F61C117}.Debug|x86.ActiveCfg = Debug|Win32
		{EC733EB3-8EC1-48B4-A00F-8BF36F61C117}.Debug|x86.Build.0 = Debug|Win32
		{EC733EB3-8EC1-48B4-A00F-8BF36F61C117}.DebugDLL|x64.ActiveCfg = Debug|x64
		{EC733EB3-8EC1-48B4-A00F-8BF36F61C117}.DebugDLL|x64.Build.0 = Debug|x64
		{EC733EB3-8EC1-48B4-A00F-8BF36F61C117}.DebugDLL|x86.ActiveCfg = Debug|Win32
		{EC733EB3-8EC1-48B4-A00F-8BF36F61C117}.DebugDLL|x86.Build.0 = Debug|Win32
		{EC733EB3-8EC1-48B4-A00F-8BF36F61C117}.ReleaseDLL|x64.ActiveCfg = Release|x64
		{EC733EB3-8EC1-48B4-A00F-8BF36F61C117}.ReleaseDLL|x64.Build.0 = Release|x64
		{EC733EB3-8EC1-48B4-A00F-8BF36F61C117}.ReleaseDLL|x86.ActiveCfg = Release|Win32
		{EC733EB3-8EC1-48B4-A00F-8BF36F61C117}.ReleaseDLL|x86.Build.0 = Release|Win32
		{A842E0D8-1D55-4B5D-92B2-5B6770021626}.Release|x64.ActiveCfg = Release|x64
		{A842E0D8-1D55-4B5D-92B2-5B6770021626}.Release|x64.Build.0 = Release|x64
		{A842E0D8-1D55-4B5D-92B2-5B6770021626}.Release|x86.ActiveCfg = Release|Win32
		{A842E0D8-1D55-4B5D-92B2-5B6770021626}.Release|x86.Build.0 = Release|Win32
		{A842E0D8-1D55-4B5D-92B2-5B6770021626}.Debug|x64.ActiveCfg = Debug|x64
		{A842E0D8-1D55-4B5D-92B2-5B6770021626}.Debug|x64.Build.0 = Debug|x64
		{A842E0D8-1D55-4B5D-92B2-5B6770021626}.Debug|x86.ActiveCfg = Debug|Win32
		{A842E0D8-1D55-4B5D-92B2-5B6770021626}.Debug|x86.Build.0 = Debug|Win32
		{A842E0D8-1D55-4B5D-92B2-5B6770021626}.DebugDLL|x64.ActiveCfg = Debug|x64
		{A842E0D8-1D55-4B5D-92B2-5B6770021626}.DebugDLL|x64.Build.0 = Debug|x64
		{A842E0D8-1D55-4B5D-92B2-5B6770021626}.DebugDLL|x86.ActiveCfg = Debug|Win32
		{A842E0D8-1D55-4B5D-92B2-5B6770021626}.DebugDLL|x86.Build.0 = Debug|Win32
		{A842E0D8-1D55-4B5D-92B2-5B6770021626}.ReleaseDLL|x64.ActiveCfg = Release|x64
		{A842E0D8-1D55-4B5D-92B2-5B6770021626}.ReleaseDLL|x64.Build.0 = Release|x64
		{A842E0D8-1D55-4B5D-92B2-5B6770021626}.ReleaseDLL|x86.ActiveCfg = Release|Win32
		{A842E0D8-1D55-4B5D-92B2-5B6770021626}.ReleaseDLL|x86.Build.0 = Release|Win32
		{81CE8DAF-EBB2-4761-8E45-B71ABCCA8C68}.Release|x64.ActiveCfg = Release|x64
		{81CE8DAF-EBB2-4761-8E45-B71ABCCA8C68}.Release|x64.Build.0 = Release|x64
		{81CE8DAF-EBB2-4761-8E45-B71ABCCA8C68}.Release|x86.ActiveCfg = Release|Win32
		{81CE8DAF-EBB2-4761-8E45-B71ABCCA8C68}.Release|x86.Build.0 = Release|Win32
		{81CE8DAF-EBB2-4761-8E45-B71ABCCA8C68}.Debug|x64.ActiveCfg = Debug|x64
		{81CE8DAF-EBB2-4761-8E45-B71ABCCA8C68}.Debug|x64.Build.0 = Debug|x64
		{81CE8DAF-EBB2-4761-8E45-B71ABCCA8C68}.Debug|x86.ActiveCfg = Debug|Win32
		{81CE8DAF-EBB2-4761-8E45-B71ABCCA8C68}.Debug|x86.Build.0 = Debug|Win32
		{81CE8DAF-EBB2-4761-8E45-B71ABCCA8C68}.DebugDLL|x64.ActiveCfg = Debug|x64
		{81CE8DAF-EBB2-4761-8E45-B71ABCCA8C68}.DebugDLL|x64.Build.0 = Debug|x64
		{81CE8DAF-EBB2-4761-8E45-B71ABCCA8C68}.DebugDLL|x86.ActiveCfg = Debug|Win32
		{81CE8DAF-EBB2-4761-8E45-B71ABCCA8C68}.DebugDLL|x86.Build.0 = Debug|Win32
		{81CE8DAF-EBB2-4761-8E45-B71ABCCA8C68}.ReleaseDLL|x64.ActiveCfg = Release|x64
		{81CE8DAF-EBB2-4761-8E45-B71ABCCA8C68}.ReleaseDLL|x64.Build.0 = Release|x64
		{81CE8DAF-EBB2-4761-8E45-B71ABCCA8C68}.ReleaseDLL|x86.ActiveCfg = Release|Win32
		{81CE8DAF-EBB2-4761-8E45-B71ABCCA8C68}.ReleaseDLL|x86.Build.0 = Release|Win32
		{DA956FD3-E142-46F2-9DD5-C78BEBB56B7A}.Release|x64.ActiveCfg = Release|x64
		{DA956FD3-E142-46F2-9DD5-C78BEBB56B7A}.Release|x64.Build.0 = Release|x64
		{DA956FD3-E142-46F2-9DD5-C78BEBB56B7A}.Release|x86.ActiveCfg = Release|Win32
		{DA956FD3-E142-46F2-9DD5-C78BEBB56B7A}.Release|x86.Build.0 = Release|Win32
		{DA956FD3-E142-46F2-9DD5-C78BEBB56B7A}.Debug|x64.ActiveCfg = Debug|x64
		{DA956FD3-E142-46F2-9DD5-C78BEBB56B7A}.Debug|x64.Build.0 = Debug|x64
		{DA956FD3-E142-46F2-9DD5-C78BEBB56B7A}.Debug|x86.ActiveCfg = Debug|Win32
		{DA956FD3-E142-46F2-9DD5-C78BEBB56B7A}.Debug|x86.Build.0 = Debug|Win32
		{DA956FD3-E142-46F2-9DD5-C78BEBB56B7A}.DebugDLL|x64.ActiveCfg = Debug|x64
		{DA956FD3-E142-46F2-9DD5-C78BEBB56B7A}.DebugDLL|x64.Build.0 = Debug|x64
		{DA956FD3-E142-46F2-9DD5-C78BEBB56B7A}.DebugDLL|x86.ActiveCfg = Debug|Win32
		{DA956FD3-E142-46F2-9DD5-C78BEBB56B7A}.DebugDLL|x86.Build.0 = Debug|Win32
		{DA956FD3-E142-46F2-9DD5-C78BEBB56B7A}.ReleaseDLL|x64.ActiveCfg = Release|x64
		{DA956FD3-E142-46F2-9DD5-C78BEBB56B7A}.ReleaseDLL|x64.Build.0 = Release|x64
		{DA956FD3-E142-46F2-9DD5-C78BEBB56B7A}.ReleaseDLL|x86.ActiveCfg = Release|Win32
		{DA956FD3-E142-46F2-9DD5-C78BEBB56B7A}.ReleaseDLL|x86.Build.0 = Release|Win32
		{AFF27A26-C088-444B-BC2A-0BA94A02AFA7}.Release|x64.ActiveCfg = Release|x64
		{AFF27A26-C088-444B-BC2A-0BA94A02AFA7}.Release|x64.Build.0 = Release|x64
		{AFF27A26-C088-444B-BC2A-0BA94A02AFA7}.Release|x86.ActiveCfg = Release|Win32
		{AFF27A26-C088-444B-BC2A-0BA94A02AFA7}.Release|x86.Build.0 = Release|Win32
		{AFF27A26-C088-444B-BC2A-0BA94A02AFA7}.Debug|x64.ActiveCfg = Debug|x64
		{AFF27A26-C088-444B-BC2A-0BA94A02AFA7}.Debug|x64.Build.0 = Debug|x64
		{AFF27A26-C088-444B-BC2A-0BA94A02AFA7}.Debug|x86.ActiveCfg = Debug|Win32
		{AFF27A26-C088-444B-BC2A-0BA94A02AFA7}.Debug|x86.Build.0 = Debug|Win32
		{AFF27A26-C088-444B-BC2A-0BA94A02AFA7}.DebugDLL|x64.ActiveCfg = DebugDLL|x64
		{AFF27A26-C088-444B-BC2A-0BA94A02AFA7}.DebugDLL|x64.Build.0 = DebugDLL|x64
		{AFF27A26-C088-444B-BC2A-0BA94A02AFA7}.DebugDLL|x86.ActiveCfg = DebugDLL|Win32
		{AFF27A26-C088-444B-BC2A-0BA94A02AFA7}.DebugDLL|x86.Build.0 = DebugDLL|Win32
		{AFF27A26-C088-444B-BC2A-0BA94A02AFA7}.ReleaseDLL|x64.ActiveCfg = ReleaseDLL|x64
		{AFF27A26-C088-444B-BC2A-0BA94A02AFA7}.ReleaseDLL|x64.Build.0 = ReleaseDLL|x64
		{AFF27A26-C088-444B-BC2A-0BA94A02AFA7}.ReleaseDLL|x86.ActiveCfg = ReleaseDLL|Win32
		{AFF27A26-C088-444B-BC2A-0BA94A02AFA7}.ReleaseDLL|x86.Build.0 = ReleaseDLL|Win32
		{653F3841-3F26-49B9-AFCF-091DB4B67031}.Release|x64.ActiveCfg = Release|x64
		{653F3841-3F26-49B9-AFCF-091DB4B67031}.Release|x64.Build.0 = Release|x64
		{653F3841-3F26-49B9-AFCF-091DB4B67031}.Release|x86.ActiveCfg = Release|Win32
		{653F3841-3F26-49B9-AFCF-091DB4B67031}.Release|x86.Build.0 = Release|Win32
		{653F3841-3F26-49B9-AFCF-091DB4B67031}.Debug|x64.ActiveCfg = Debug|x64
		{653F3841-3F26-49B9-AFCF-091DB4B67031}.Debug|x64.Build.0 = Debug|x64
		{653F3841-3F26-49B9-AFCF-091DB4B67031}.Debug|x86.ActiveCfg = Debug|Win32
		{653F3841-3F26-49B9-AFCF-091DB4B67031}.Debug|x86.Build.0 = Debug|Win32
		{653F3841-3F26-49B9-AFCF-091DB4B67031}.DebugDLL|x64.ActiveCfg = Debug|x64
		{653F3841-3F26-49B9-AFCF-091DB4B67031}.DebugDLL|x64.Build.0 = Debug|x64
		{653F3841-3F26-49B9-AFCF-091DB4B67031}.DebugDLL|x86.ActiveCfg = Debug|Win32
		{653F3841-3F26-49B9-AFCF-091DB4B67031}.DebugDLL|x86.Build.0 = Debug|Win32
		{653F3841-3F26-49B9-AFCF-091DB4B67031}.ReleaseDLL|x64.ActiveCfg = Release|x64
		{653F3841-3F26-49B9-AFCF-091DB4B67031}.ReleaseDLL|x64.Build.0 = Release|x64
		{653F3841-3F26-49B9-AFCF-091DB4B67031}.ReleaseDLL|x86.ActiveCfg = Release|Win32
		{653F3841-3F26-49B9-AFCF-091DB4B67031}.ReleaseDLL|x86.Build.0 = Release|Win32
	EndGlobalSection
	GlobalSection(SolutionProperties) = preSolution
		HideSolutionNode = FALSE
	EndGlobalSection
	GlobalSection(ExtensibilityGlobals) = postSolution
		SolutionGuid = {169E8CA7-EC86-40CE-A378-B34BBA10B67D}
	EndGlobalSection
EndGlobal
